
Microsoft Visual Studio Solution File, Format Version 12.00
# Visual Studio 15
VisualStudioVersion = 15.0.28307.329
MinimumVisualStudioVersion = 10.0.40219.1
Project("{F184B08F-C81C-45F6-A57F-5ABD9991F28F}") = "BMI", "BMI\BMI.vbproj", "{9E11AC92-CE2A-4251-8FA7-0153FAC08DC9}"
EndProject
Global
	GlobalSection(SolutionConfigurationPlatforms) = preSolution
		Debug|Any CPU = Debug|Any CPU
		Release|Any CPU = Release|Any CPU
	EndGlobalSection
	GlobalSection(ProjectConfigurationPlatforms) = postSolution
		{9E11AC92-CE2A-4251-8FA7-0153FAC08DC9}.Debug|Any CPU.ActiveCfg = Debug|Any CPU
		{9E11AC92-CE2A-4251-8FA7-0153FAC08DC9}.Debug|Any CPU.Build.0 = Debug|Any CPU
		{9E11AC92-CE2A-4251-8FA7-0153FAC08DC9}.Release|Any CPU.ActiveCfg = Release|Any CPU
		{9E11AC92-CE2A-4251-8FA7-0153FAC08DC9}.Release|Any CPU.Build.0 = Release|Any CPU
	EndGlobalSection
	GlobalSection(SolutionProperties) = preSolution
		HideSolutionNode = FALSE
	EndGlobalSection
	GlobalSection(ExtensibilityGlobals) = postSolution
		SolutionGuid = {2C6B4C3F-F851-43DF-842C-184198E4A99B}
	EndGlobalSection
EndGlobal
